Microsoft Visual Studio Solution File, Format Version 12.00
# Visual Studio Version 17
VisualStudioVersion = 17.0.31903.59
MinimumVisualStudioVersion = 10.0.40219.1
Project("{8BC9CEB8-8B4A-11D0-8D11-00A0C91BC942}") = "BlindwayGrand", "launcher\launcher.vcxproj", "{3F8A2C41-6D7E-4B93-8E52-1A9C4D7B6F30}"
EndProject
Project("{2150E333-8FDC-42A3-9474-1A3956D46DE8}") = "盲道检测代码 (Python)", "盲道检测代码 (Python)", "{A1B2C3D4-1111-2222-3333-444455556666}"
	ProjectSection(SolutionItems) = preProject
		qt_app.py = qt_app.py
		detector.py = detector.py
		README.md = README.md
		run.bat = run.bat
	EndProjectSection
EndProject
Project("{2150E333-8FDC-42A3-9474-1A3956D46DE8}") = "配置", "配置", "{A1B2C3D4-7777-8888-9999-AAAABBBBCCCC}"
	ProjectSection(SolutionItems) = preProject
		config\settings.json = config\settings.json
		config\rois.json = config\rois.json
		ui\style.qss = ui\style.qss
	EndProjectSection
EndProject
Project("{2150E333-8FDC-42A3-9474-1A3956D46DE8}") = "自检脚本", "自检脚本", "{A1B2C3D4-DDDD-EEEE-FFFF-123412341234}"
	ProjectSection(SolutionItems) = preProject
		ui\selftest.py = ui\selftest.py
		ui\check_layout.py = ui\check_layout.py
	EndProjectSection
EndProject
Project("{2150E333-8FDC-42A3-9474-1A3956D46DE8}") = "界面预览", "界面预览", "{A1B2C3D4-5555-6666-7777-888899990000}"
	ProjectSection(SolutionItems) = preProject
		ui\preview_01_monitor.png = ui\preview_01_monitor.png
		ui\preview_02_roi.png = ui\preview_02_roi.png
		ui\preview_03_alarm.png = ui\preview_03_alarm.png
		ui\preview_04_report.png = ui\preview_04_report.png
		ui\preview_05_detecting.png = ui\preview_05_detecting.png
	EndProjectSection
EndProject
Global
	GlobalSection(SolutionConfigurationPlatforms) = preSolution
		Debug|x64 = Debug|x64
		Release|x64 = Release|x64
	EndGlobalSection
	GlobalSection(ProjectConfigurationPlatforms) = postSolution
		{3F8A2C41-6D7E-4B93-8E52-1A9C4D7B6F30}.Debug|x64.ActiveCfg = Debug|x64
		{3F8A2C41-6D7E-4B93-8E52-1A9C4D7B6F30}.Debug|x64.Build.0 = Debug|x64
		{3F8A2C41-6D7E-4B93-8E52-1A9C4D7B6F30}.Release|x64.ActiveCfg = Release|x64
		{3F8A2C41-6D7E-4B93-8E52-1A9C4D7B6F30}.Release|x64.Build.0 = Release|x64
	EndGlobalSection
	GlobalSection(SolutionProperties) = preSolution
		HideSolutionNode = FALSE
	EndGlobalSection
	GlobalSection(ExtensibilityGlobals) = postSolution
		SolutionGuid = {C4E8B7A2-5F31-4D6E-9A07-8B2C1E5D3F49}
	EndGlobalSection
EndGlobal
